
Microsoft Visual Studio Solution File, Format Version 11.00
# Visual Studio 2010
Project("{FAE04EC0-301F-11D3-BF4B-00C04F79EFBC}") = "task2", "task2\task2.csproj", "{104C77AB-98FE-4A23-83FD-C9254557E983}"
EndProject
Global
	GlobalSection(SolutionConfigurationPlatforms) = preSolution
		Debug|x86 = Debug|x86
		Release|x86 = Release|x86
	EndGlobalSection
	GlobalSection(ProjectConfigurationPlatforms) = postSolution
		{104C77AB-98FE-4A23-83FD-C9254557E983}.Debug|x86.ActiveCfg = Debug|x86
		{104C77AB-98FE-4A23-83FD-C9254557E983}.Debug|x86.Build.0 = Debug|x86
		{104C77AB-98FE-4A23-83FD-C9254557E983}.Release|x86.ActiveCfg = Release|x86
		{104C77AB-98FE-4A23-83FD-C9254557E983}.Release|x86.Build.0 = Release|x86
	EndGlobalSection
	GlobalSection(SolutionProperties) = preSolution
		HideSolutionNode = FALSE
	EndGlobalSection
EndGlobal
